
Microsoft Visual Studio Solution File, Format Version 12.00
Project("{FAE04EC0-301F-11D3-BF4B-00C04F79EFBC}") = "CybergrindMusicExplorer", "CybergrindMusicExplorer\CybergrindMusicExplorer.csproj", "{D79551C3-9E3E-46FF-95A5-029A9093600A}"
EndProject
Global
	GlobalSection(SolutionConfigurationPlatforms) = preSolution
		Debug|Any CPU = Debug|Any CPU
		Release|Any CPU = Release|Any CPU
	EndGlobalSection
	GlobalSection(ProjectConfigurationPlatforms) = postSolution
		{D79551C3-9E3E-46FF-95A5-029A9093600A}.Debug|Any CPU.ActiveCfg = Debug|Any CPU
		{D79551C3-9E3E-46FF-95A5-029A9093600A}.Debug|Any CPU.Build.0 = Debug|Any CPU
		{D79551C3-9E3E-46FF-95A5-029A9093600A}.Release|Any CPU.ActiveCfg = Release|Any CPU
		{D79551C3-9E3E-46FF-95A5-029A9093600A}.Release|Any CPU.Build.0 = Release|Any CPU
	EndGlobalSection
EndGlobal
